<?xml version="1.0" encoding="UTF-8" standalone="yes" ?>
<CodeBlocks_project_file>
	<FileVersion major="1" minor="6" />
	<Project>
		<Option title="ACK-3D" />
		<Option pch_mode="2" />
		<Option compiler="gcc" />
		<Build>
			<Target title="Debug">
				<Option output="liback" prefix_auto="1" extension_auto="1" />
				<Option working_dir="" />
				<Option object_output=".\.obj\Debug" />
				<Option type="2" />
				<Option compiler="gcc" />
				<Option createDefFile="1" />
				<Compiler>
					<Add option="-Wall" />
					<Add option="-g" />
				</Compiler>
			</Target>
			<Target title="Release">
				<Option output="liback" prefix_auto="1" extension_auto="1" />
				<Option working_dir="" />
				<Option object_output=".\.obj\Release" />
				<Option type="2" />
				<Option compiler="gcc" />
				<Option createDefFile="1" />
				<Compiler>
					<Add option="-Wall" />
					<Add option="-O2" />
				</Compiler>
				<Linker>
					<Add option="-s" />
				</Linker>
			</Target>
		</Build>
		<Unit filename="ACK3D.H" />
		<Unit filename="ACKBBM.C">
			<Option compilerVar="CC" />
		</Unit>
		<Unit filename="ACKBKGD.C">
			<Option compilerVar="CC" />
		</Unit>
		<Unit filename="ACKDATA.C">
			<Option compilerVar="CC" />
		</Unit>
		<Unit filename="ACKDISP.C">
			<Option compilerVar="CC" />
		</Unit>
		<Unit filename="ACKDOOR.C">
			<Option compilerVar="CC" />
		</Unit>
		<Unit filename="ACKENG.H" />
		<Unit filename="ACKEXT.H" />
		<Unit filename="ACKFLOOR.C">
			<Option compilerVar="CC" />
		</Unit>
		<Unit filename="ACKGIF.C">
			<Option compilerVar="CC" />
		</Unit>
		<Unit filename="ACKINIT.C">
			<Option compilerVar="CC" />
		</Unit>
		<Unit filename="ACKLDBMP.C">
			<Option compilerVar="CC" />
		</Unit>
		<Unit filename="ACKOBJ.C">
			<Option compilerVar="CC" />
		</Unit>
		<Unit filename="ACKOVER.C">
			<Option compilerVar="CC" />
		</Unit>
		<Unit filename="ACKPCX.C">
			<Option compilerVar="CC" />
		</Unit>
		<Unit filename="ACKPOV.C">
			<Option compilerVar="CC" />
		</Unit>
		<Unit filename="ACKRAY.C">
			<Option compilerVar="CC" />
		</Unit>
		<Unit filename="ACKRTNRecode.c">
			<Option compilerVar="CC" />
		</Unit>
		<Unit filename="ACKRTNRecode.h" />
		<Unit filename="ACKSND.H" />
		<Unit filename="ACKUTIL.C">
			<Option compilerVar="CC" />
		</Unit>
		<Unit filename="ACKVIEW.C">
			<Option compilerVar="CC" />
		</Unit>
		<Unit filename="ACKWRAP.C">
			<Option compilerVar="CC" />
		</Unit>
		<Unit filename="BBM.H" />
		<Unit filename="windowsredef.h" />
		<Extensions>
			<code_completion />
			<debugger />
		</Extensions>
	</Project>
</CodeBlocks_project_file>
